
Microsoft Visual Studio Solution File, Format Version 12.00
# Visual Studio Version 17
VisualStudioVersion = 17.13.35818.85 d17.13
MinimumVisualStudioVersion = 10.0.40219.1
Project("{FAE04EC0-301F-11D3-BF4B-00C04F79EFBC}") = "TPModul10_103022300149_KPL", "TPModul10_103022300149_KPL\TPModul10_103022300149_KPL.csproj", "{974A7E23-637D-4F20-A523-DDB75AE5148C}"
EndProject
Global
	GlobalSection(SolutionConfigurationPlatforms) = preSolution
		Debug|Any CPU = Debug|Any CPU
		Release|Any CPU = Release|Any CPU
	EndGlobalSection
	GlobalSection(ProjectConfigurationPlatforms) = postSolution
		{974A7E23-637D-4F20-A523-DDB75AE5148C}.Debug|Any CPU.ActiveCfg = Debug|Any CPU
		{974A7E23-637D-4F20-A523-DDB75AE5148C}.Debug|Any CPU.Build.0 = Debug|Any CPU
		{974A7E23-637D-4F20-A523-DDB75AE5148C}.Release|Any CPU.ActiveCfg = Release|Any CPU
		{974A7E23-637D-4F20-A523-DDB75AE5148C}.Release|Any CPU.Build.0 = Release|Any CPU
	EndGlobalSection
	GlobalSection(SolutionProperties) = preSolution
		HideSolutionNode = FALSE
	EndGlobalSection
	GlobalSection(ExtensibilityGlobals) = postSolution
		SolutionGuid = {F22007DE-3B6A-4DF1-8775-5A47DDE15965}
	EndGlobalSection
EndGlobal
